// !$*UTF8*$!
{
	archiveVersion = 1;
	classes = {
	};
	objectVersion = 63;
	objects = {

/* Begin PBXBuildFile section */
		95265B2E1C39CCC600987976 /* GlobalHelper.swift in Sources */ = {isa = PBXBuildFile; fileRef = 95265B2D1C39CCC600987976 /* GlobalHelper.swift */; };
		952A77E41C3762F700B2A2B6 /* Assets.xcassets in Resources */ = {isa = PBXBuildFile; fileRef = 952A77E31C3762F700B2A2B6 /* Assets.xcassets */; };
		952A77E71C3762F700B2A2B6 /* LaunchScreen.storyboard in Resources */ = {isa = PBXBuildFile; fileRef = 952A77E51C3762F700B2A2B6 /* LaunchScreen.storyboard */; };
		95C4EA802E21F2FC0096A6AA /* PaymentView.swift in Sources */ = {isa = PBXBuildFile; fileRef = 95C4EA7E2E21F2FC0096A6AA /* PaymentView.swift */; };
		95C4EA812E21F2FC0096A6AA /* RatesView.swift in Sources */ = {isa = PBXBuildFile; fileRef = 95C4EA7F2E21F2FC0096A6AA /* RatesView.swift */; };
		95C4EA832E21F3190096A6AA /* Rates.swift in Sources */ = {isa = PBXBuildFile; fileRef = 95C4EA822E21F3190096A6AA /* Rates.swift */; };
		95C4EA852E2201F20096A6AA /* ApiService.swift in Sources */ = {isa = PBXBuildFile; fileRef = 95C4EA842E2201F20096A6AA /* ApiService.swift */; };
		95C4EA862E2201F20096A6AB /* AmortizedApp.swift in Sources */ = {isa = PBXBuildFile; fileRef = 95C4EA842E2201F20096A6AB /* AmortizedApp.swift */; };
		95CAFE000000000000CAF003 /* AmortizedTests.swift in Sources */ = {isa = PBXBuildFile; fileRef = 95CAFE000000000000CAF002 /* AmortizedTests.swift */; };
/* End PBXBuildFile section */

/* Begin PBXContainerItemProxy section */
		952A77EE1C3762F700B2A2B6 /* PBXContainerItemProxy */ = {
			isa = PBXContainerItemProxy;
			containerPortal = 952A77D11C3762F700B2A2B6 /* Project object */;
			proxyType = 1;
			remoteGlobalIDString = 952A77D81C3762F700B2A2B6;
			remoteInfo = Amortized;
		};
/* End PBXContainerItemProxy section */

/* Begin PBXFileReference section */
		95265B2D1C39CCC600987976 /* GlobalHelper.swift */ = {isa = PBXFileReference; fileEncoding = 4; lastKnownFileType = sourcecode.swift; path = GlobalHelper.swift; sourceTree = "<group>"; };
		952A77D91C3762F700B2A2B6 /* Amortized.app */ = {isa = PBXFileReference; explicitFileType = wrapper.application; includeInIndex = 0; path = Amortized.app; sourceTree = BUILT_PRODUCTS_DIR; };
		952A77E31C3762F700B2A2B6 /* Assets.xcassets */ = {isa = PBXFileReference; lastKnownFileType = folder.assetcatalog; path = Assets.xcassets; sourceTree = "<group>"; };
		952A77E61C3762F700B2A2B6 /* Base */ = {isa = PBXFileReference; lastKnownFileType = file.storyboard; name = Base; path = Base.lproj/LaunchScreen.storyboard; sourceTree = "<group>"; };
		952A77E81C3762F700B2A2B6 /* Info.plist */ = {isa = PBXFileReference; lastKnownFileType = text.plist.xml; path = Info.plist; sourceTree = "<group>"; };
		952A77ED1C3762F700B2A2B6 /* AmortizedTests.xctest */ = {isa = PBXFileReference; explicitFileType = wrapper.cfbundle; includeInIndex = 0; path = AmortizedTests.xctest; sourceTree = BUILT_PRODUCTS_DIR; };
		95C4EA7E2E21F2FC0096A6AA /* PaymentView.swift */ = {isa = PBXFileReference; lastKnownFileType = sourcecode.swift; path = PaymentView.swift; sourceTree = "<group>"; };
		95C4EA7F2E21F2FC0096A6AA /* RatesView.swift */ = {isa = PBXFileReference; lastKnownFileType = sourcecode.swift; path = RatesView.swift; sourceTree = "<group>"; };
		95C4EA822E21F3190096A6AA /* Rates.swift */ = {isa = PBXFileReference; lastKnownFileType = sourcecode.swift; path = Rates.swift; sourceTree = "<group>"; };
		95C4EA842E2201F20096A6AA /* ApiService.swift */ = {isa = PBXFileReference; lastKnownFileType = sourcecode.swift; path = ApiService.swift; sourceTree = "<group>"; };
		95C4EA842E2201F20096A6AB /* AmortizedApp.swift */ = {isa = PBXFileReference; lastKnownFileType = sourcecode.swift; path = AmortizedApp.swift; sourceTree = "<group>"; };
		95C9C3282C88D5EB006BDBA5 /* mul */ = {isa = PBXFileReference; lastKnownFileType = text.json.xcstrings; name = mul; path = mul.lproj/LaunchScreen.xcstrings; sourceTree = "<group>"; };
		95CAFE000000000000CAF002 /* AmortizedTests.swift */ = {isa = PBXFileReference; lastKnownFileType = sourcecode.swift; path = AmortizedTests.swift; sourceTree = "<group>"; };
		95CAFE000000000000CAF004 /* Info.plist */ = {isa = PBXFileReference; lastKnownFileType = text.plist.xml; path = Info.plist; sourceTree = "<group>"; };
/* End PBXFileReference section */

/* Begin PBXFrameworksBuildPhase section */
		952A77D61C3762F700B2A2B6 /* Frameworks */ = {
			isa = PBXFrameworksBuildPhase;
			buildActionMask = 2147483647;
			files = (
			);
			runOnlyForDeploymentPostprocessing = 0;
		};
		952A77EA1C3762F700B2A2B6 /* Frameworks */ = {
			isa = PBXFrameworksBuildPhase;
			buildActionMask = 2147483647;
			files = (
			);
			runOnlyForDeploymentPostprocessing = 0;
		};
/* End PBXFrameworksBuildPhase section */

/* Begin PBXGroup section */
		95CAFE000000000000CAF001 /* AmortizedTests */ = {
			isa = PBXGroup;
			children = (
				95CAFE000000000000CAF002 /* AmortizedTests.swift */,
				95CAFE000000000000CAF004 /* Info.plist */,
			);
			path = AmortizedTests;
			sourceTree = "<group>";
		};
		952A77D01C3762F700B2A2B6 = {
			isa = PBXGroup;
			children = (
				952A77DB1C3762F700B2A2B6 /* Amortized */,
				95CAFE000000000000CAF001 /* AmortizedTests */,
				952A77DA1C3762F700B2A2B6 /* Products */,
			);
			sourceTree = "<group>";
		};
		952A77DA1C3762F700B2A2B6 /* Products */ = {
			isa = PBXGroup;
			children = (
				952A77D91C3762F700B2A2B6 /* Amortized.app */,
				952A77ED1C3762F700B2A2B6 /* AmortizedTests.xctest */,
			);
			name = Products;
			sourceTree = "<group>";
		};
		952A77DB1C3762F700B2A2B6 /* Amortized */ = {
			isa = PBXGroup;
			children = (
				952A77FE1C37643300B2A2B6 /* Models */,
				952A77FD1C37642800B2A2B6 /* Views */,
				952A77FF1C37644800B2A2B6 /* Supporting Files */,
			);
			path = Amortized;
			sourceTree = "<group>";
		};
		952A77FD1C37642800B2A2B6 /* Views */ = {
			isa = PBXGroup;
			children = (
				95C4EA7E2E21F2FC0096A6AA /* PaymentView.swift */,
				95C4EA7F2E21F2FC0096A6AA /* RatesView.swift */,
			);
			name = Views;
			sourceTree = "<group>";
		};
		952A77FE1C37643300B2A2B6 /* Models */ = {
			isa = PBXGroup;
			children = (
				95C4EA822E21F3190096A6AA /* Rates.swift */,
			);
			name = Models;
			sourceTree = "<group>";
		};
		952A77FF1C37644800B2A2B6 /* Supporting Files */ = {
			isa = PBXGroup;
			children = (
				95C4EA842E2201F20096A6AA /* ApiService.swift */,
				95C4EA842E2201F20096A6AB /* AmortizedApp.swift */,
				952A77E31C3762F700B2A2B6 /* Assets.xcassets */,
				952A77E51C3762F700B2A2B6 /* LaunchScreen.storyboard */,
				952A77E81C3762F700B2A2B6 /* Info.plist */,
				95265B2D1C39CCC600987976 /* GlobalHelper.swift */,
			);
			name = "Supporting Files";
			sourceTree = "<group>";
		};
/* End PBXGroup section */

/* Begin PBXNativeTarget section */
		952A77D81C3762F700B2A2B6 /* Amortized */ = {
			isa = PBXNativeTarget;
			buildConfigurationList = 952A77F61C3762F700B2A2B6 /* Build configuration list for PBXNativeTarget "Amortized" */;
			buildPhases = (
				952A77D51C3762F700B2A2B6 /* Sources */,
				952A77D61C3762F700B2A2B6 /* Frameworks */,
				952A77D71C3762F700B2A2B6 /* Resources */,
			);
			buildRules = (
			);
			dependencies = (
			);
			name = Amortized;
			productName = Amortized;
			productReference = 952A77D91C3762F700B2A2B6 /* Amortized.app */;
			productType = "com.apple.product-type.application";
		};
		952A77EC1C3762F700B2A2B6 /* AmortizedTests */ = {
			isa = PBXNativeTarget;
			buildConfigurationList = 952A77F91C3762F700B2A2B6 /* Build configuration list for PBXNativeTarget "AmortizedTests" */;
			buildPhases = (
				952A77E91C3762F700B2A2B6 /* Sources */,
				952A77EA1C3762F700B2A2B6 /* Frameworks */,
				952A77EB1C3762F700B2A2B6 /* Resources */,
			);
			buildRules = (
			);
			dependencies = (
				952A77EF1C3762F700B2A2B6 /* PBXTargetDependency */,
			);
			name = AmortizedTests;
			productName = AmortizedTests;
			productReference = 952A77ED1C3762F700B2A2B6 /* AmortizedTests.xctest */;
			productType = "com.apple.product-type.bundle.unit-test";
		};
/* End PBXNativeTarget section */

/* Begin PBXProject section */
		952A77D11C3762F700B2A2B6 /* Project object */ = {
			isa = PBXProject;
			attributes = {
				BuildIndependentTargetsInParallel = YES;
				LastSwiftUpdateCheck = 0720;
				LastUpgradeCheck = 2620;
				ORGANIZATIONNAME = GroundSpeed;
				TargetAttributes = {
					952A77D81C3762F700B2A2B6 = {
						CreatedOnToolsVersion = 7.2;
					};
					952A77EC1C3762F700B2A2B6 = {
						CreatedOnToolsVersion = 7.2;
						TestTargetID = 952A77D81C3762F700B2A2B6;
					};
				};
			};
			buildConfigurationList = 952A77D41C3762F700B2A2B6 /* Build configuration list for PBXProject "Amortized" */;
			compatibilityVersion = "Xcode 15.3";
			developmentRegion = en;
			hasScannedForEncodings = 0;
			knownRegions = (
				en,
				Base,
			);
			mainGroup = 952A77D01C3762F700B2A2B6;
			productRefGroup = 952A77DA1C3762F700B2A2B6 /* Products */;
			projectDirPath = "";
			projectRoot = "";
			targets = (
				952A77D81C3762F700B2A2B6 /* Amortized */,
				952A77EC1C3762F700B2A2B6 /* AmortizedTests */,
			);
		};
/* End PBXProject section */

/* Begin PBXResourcesBuildPhase section */
		952A77D71C3762F700B2A2B6 /* Resources */ = {
			isa = PBXResourcesBuildPhase;
			buildActionMask = 2147483647;
			files = (
				952A77E71C3762F700B2A2B6 /* LaunchScreen.storyboard in Resources */,
				952A77E41C3762F700B2A2B6 /* Assets.xcassets in Resources */,
			);
			runOnlyForDeploymentPostprocessing = 0;
		};
		952A77EB1C3762F700B2A2B6 /* Resources */ = {
			isa = PBXResourcesBuildPhase;
			buildActionMask = 2147483647;
			files = (
			);
			runOnlyForDeploymentPostprocessing = 0;
		};
/* End PBXResourcesBuildPhase section */

/* Begin PBXSourcesBuildPhase section */
		952A77D51C3762F700B2A2B6 /* Sources */ = {
			isa = PBXSourcesBuildPhase;
			buildActionMask = 2147483647;
			files = (
				95C4EA832E21F3190096A6AA /* Rates.swift in Sources */,
				95C4EA802E21F2FC0096A6AA /* PaymentView.swift in Sources */,
				95C4EA852E2201F20096A6AA /* ApiService.swift in Sources */,
				95C4EA812E21F2FC0096A6AA /* RatesView.swift in Sources */,
				95265B2E1C39CCC600987976 /* GlobalHelper.swift in Sources */,
				95C4EA862E2201F20096A6AB /* AmortizedApp.swift in Sources */,
			);
			runOnlyForDeploymentPostprocessing = 0;
		};
		952A77E91C3762F700B2A2B6 /* Sources */ = {
			isa = PBXSourcesBuildPhase;
			buildActionMask = 2147483647;
			files = (
				95CAFE000000000000CAF003 /* AmortizedTests.swift in Sources */,
			);
			runOnlyForDeploymentPostprocessing = 0;
		};
/* End PBXSourcesBuildPhase section */

/* Begin PBXTargetDependency section */
		952A77EF1C3762F700B2A2B6 /* PBXTargetDependency */ = {
			isa = PBXTargetDependency;
			target = 952A77D81C3762F700B2A2B6 /* Amortized */;
			targetProxy = 952A77EE1C3762F700B2A2B6 /* PBXContainerItemProxy */;
		};
/* End PBXTargetDependency section */

/* Begin PBXVariantGroup section */
		952A77E51C3762F700B2A2B6 /* LaunchScreen.storyboard */ = {
			isa = PBXVariantGroup;
			children = (
				952A77E61C3762F700B2A2B6 /* Base */,
				95C9C3282C88D5EB006BDBA5 /* mul */,
			);
			name = LaunchScreen.storyboard;
			sourceTree = "<group>";
		};
/* End PBXVariantGroup section */

/* Begin XCBuildConfiguration section */
		952A77F41C3762F700B2A2B6 /* Debug */ = {
			isa = XCBuildConfiguration;
			buildSettings = {
				ALWAYS_SEARCH_USER_PATHS = NO;
				CLANG_ANALYZER_LOCALIZABILITY_NONLOCALIZED = YES;
				CLANG_CXX_LANGUAGE_STANDARD = "gnu++0x";
				CLANG_CXX_LIBRARY = "libc++";
				CLANG_ENABLE_MODULES = YES;
				CLANG_ENABLE_OBJC_ARC = YES;
				CLANG_WARN_BLOCK_CAPTURE_AUTORELEASING = YES;
				CLANG_WARN_BOOL_CONVERSION = YES;
				CLANG_WARN_COMMA = YES;
				CLANG_WARN_CONSTANT_CONVERSION = YES;
				CLANG_WARN_DEPRECATED_OBJC_IMPLEMENTATIONS = YES;
				CLANG_WARN_DIRECT_OBJC_ISA_USAGE = YES_ERROR;
				CLANG_WARN_EMPTY_BODY = YES;
				CLANG_WARN_ENUM_CONVERSION = YES;
				CLANG_WARN_INFINITE_RECURSION = YES;
				CLANG_WARN_INT_CONVERSION = YES;
				CLANG_WARN_NON_LITERAL_NULL_CONVERSION = YES;
				CLANG_WARN_OBJC_IMPLICIT_RETAIN_SELF = YES;
				CLANG_WARN_OBJC_LITERAL_CONVERSION = YES;
				CLANG_WARN_OBJC_ROOT_CLASS = YES_ERROR;
				CLANG_WARN_QUOTED_INCLUDE_IN_FRAMEWORK_HEADER = YES;
				CLANG_WARN_RANGE_LOOP_ANALYSIS = YES;
				CLANG_WARN_STRICT_PROTOTYPES = YES;
				CLANG_WARN_SUSPICIOUS_MOVE = YES;
				CLANG_WARN_UNREACHABLE_CODE = YES;
				CLANG_WARN__DUPLICATE_METHOD_MATCH = YES;
				"CODE_SIGN_IDENTITY[sdk=iphoneos*]" = "iPhone Developer";
				COPY_PHASE_STRIP = NO;
				DEBUG_INFORMATION_FORMAT = dwarf;
				ENABLE_STRICT_OBJC_MSGSEND = YES;
				ENABLE_TESTABILITY = YES;
				ENABLE_USER_SCRIPT_SANDBOXING = YES;
				GCC_C_LANGUAGE_STANDARD = gnu99;
				GCC_DYNAMIC_NO_PIC = NO;
				GCC_NO_COMMON_BLOCKS = YES;
				GCC_OPTIMIZATION_LEVEL = 0;
				GCC_PREPROCESSOR_DEFINITIONS = (
					"DEBUG=1",
					"$(inherited)",
				);
				GCC_WARN_64_TO_32_BIT_CONVERSION = YES;
				GCC_WARN_ABOUT_RETURN_TYPE = YES_ERROR;
				GCC_WARN_UNDECLARED_SELECTOR = YES;
				GCC_WARN_UNINITIALIZED_AUTOS = YES_AGGRESSIVE;
				GCC_WARN_UNUSED_FUNCTION = YES;
				GCC_WARN_UNUSED_VARIABLE = YES;
				IPHONEOS_DEPLOYMENT_TARGET = 13.6;
				LOCALIZATION_PREFERS_STRING_CATALOGS = YES;
				MTL_ENABLE_DEBUG_INFO = YES;
				ONLY_ACTIVE_ARCH = YES;
				SDKROOT = iphoneos;
				STRING_CATALOG_GENERATE_SYMBOLS = YES;
				SWIFT_OPTIMIZATION_LEVEL = "-Onone";
				SWIFT_VERSION = 5.0;
			};
			name = Debug;
		};
		952A77F51C3762F700B2A2B6 /* Release */ = {
			isa = XCBuildConfiguration;
			buildSettings = {
				ALWAYS_SEARCH_USER_PATHS = NO;
				CLANG_ANALYZER_LOCALIZABILITY_NONLOCALIZED = YES;
				CLANG_CXX_LANGUAGE_STANDARD = "gnu++0x";
				CLANG_CXX_LIBRARY = "libc++";
				CLANG_ENABLE_MODULES = YES;
				CLANG_ENABLE_OBJC_ARC = YES;
				CLANG_WARN_BLOCK_CAPTURE_AUTORELEASING = YES;
				CLANG_WARN_BOOL_CONVERSION = YES;
				CLANG_WARN_COMMA = YES;
				CLANG_WARN_CONSTANT_CONVERSION = YES;
				CLANG_WARN_DEPRECATED_OBJC_IMPLEMENTATIONS = YES;
				CLANG_WARN_DIRECT_OBJC_ISA_USAGE = YES_ERROR;
				CLANG_WARN_EMPTY_BODY = YES;
				CLANG_WARN_ENUM_CONVERSION = YES;
				CLANG_WARN_INFINITE_RECURSION = YES;
				CLANG_WARN_INT_CONVERSION = YES;
				CLANG_WARN_NON_LITERAL_NULL_CONVERSION = YES;
				CLANG_WARN_OBJC_IMPLICIT_RETAIN_SELF = YES;
				CLANG_WARN_OBJC_LITERAL_CONVERSION = YES;
				CLANG_WARN_OBJC_ROOT_CLASS = YES_ERROR;
				CLANG_WARN_QUOTED_INCLUDE_IN_FRAMEWORK_HEADER = YES;
				CLANG_WARN_RANGE_LOOP_ANALYSIS = YES;
				CLANG_WARN_STRICT_PROTOTYPES = YES;
				CLANG_WARN_SUSPICIOUS_MOVE = YES;
				CLANG_WARN_UNREACHABLE_CODE = YES;
				CLANG_WARN__DUPLICATE_METHOD_MATCH = YES;
				"CODE_SIGN_IDENTITY[sdk=iphoneos*]" = "iPhone Developer";
				COPY_PHASE_STRIP = NO;
				DEBUG_INFORMATION_FORMAT = "dwarf-with-dsym";
				ENABLE_NS_ASSERTIONS = NO;
				ENABLE_STRICT_OBJC_MSGSEND = YES;
				ENABLE_USER_SCRIPT_SANDBOXING = YES;
				GCC_C_LANGUAGE_STANDARD = gnu99;
				GCC_NO_COMMON_BLOCKS = YES;
				GCC_WARN_64_TO_32_BIT_CONVERSION = YES;
				GCC_WARN_ABOUT_RETURN_TYPE = YES_ERROR;
				GCC_WARN_UNDECLARED_SELECTOR = YES;
				GCC_WARN_UNINITIALIZED_AUTOS = YES_AGGRESSIVE;
				GCC_WARN_UNUSED_FUNCTION = YES;
				GCC_WARN_UNUSED_VARIABLE = YES;
				IPHONEOS_DEPLOYMENT_TARGET = 13.6;
				LOCALIZATION_PREFERS_STRING_CATALOGS = YES;
				MTL_ENABLE_DEBUG_INFO = NO;
				SDKROOT = iphoneos;
				STRING_CATALOG_GENERATE_SYMBOLS = YES;
				SWIFT_COMPILATION_MODE = wholemodule;
				SWIFT_VERSION = 5.0;
				VALIDATE_PRODUCT = YES;
			};
			name = Release;
		};
		952A77F71C3762F700B2A2B6 /* Debug */ = {
			isa = XCBuildConfiguration;
			buildSettings = {
				ASSETCATALOG_COMPILER_APPICON_NAME = AppIcon;
				CODE_SIGN_IDENTITY = "Apple Development";
				CODE_SIGN_STYLE = Automatic;
				DEVELOPMENT_TEAM = 2NDR5C7SVU;
				INFOPLIST_FILE = Amortized/Info.plist;
				IPHONEOS_DEPLOYMENT_TARGET = 18.6;
				LD_RUNPATH_SEARCH_PATHS = (
					"$(inherited)",
					"@executable_path/Frameworks",
				);
				PRODUCT_BUNDLE_IDENTIFIER = "com.groundspeedhq.Pay-Calc";
				PRODUCT_NAME = "$(TARGET_NAME)";
				PROVISIONING_PROFILE_SPECIFIER = "";
				SWIFT_EMIT_LOC_STRINGS = YES;
			};
			name = Debug;
		};
		952A77F81C3762F700B2A2B6 /* Release */ = {
			isa = XCBuildConfiguration;
			buildSettings = {
				ASSETCATALOG_COMPILER_APPICON_NAME = AppIcon;
				CODE_SIGN_IDENTITY = "Apple Development";
				CODE_SIGN_STYLE = Automatic;
				DEVELOPMENT_TEAM = 2NDR5C7SVU;
				INFOPLIST_FILE = Amortized/Info.plist;
				IPHONEOS_DEPLOYMENT_TARGET = 18.6;
				LD_RUNPATH_SEARCH_PATHS = (
					"$(inherited)",
					"@executable_path/Frameworks",
				);
				PRODUCT_BUNDLE_IDENTIFIER = "com.groundspeedhq.Pay-Calc";
				PRODUCT_NAME = "$(TARGET_NAME)";
				PROVISIONING_PROFILE_SPECIFIER = "";
				SWIFT_EMIT_LOC_STRINGS = YES;
			};
			name = Release;
		};
		952A77FA1C3762F700B2A2B6 /* Debug */ = {
			isa = XCBuildConfiguration;
			buildSettings = {
				BUNDLE_LOADER = "$(TEST_HOST)";
				INFOPLIST_FILE = AmortizedTests/Info.plist;
				IPHONEOS_DEPLOYMENT_TARGET = 18.6;
				LD_RUNPATH_SEARCH_PATHS = (
					"$(inherited)",
					"@executable_path/Frameworks",
					"@loader_path/Frameworks",
				);
				PRODUCT_BUNDLE_IDENTIFIER = com.groundspeedhq.AmortizedTests;
				PRODUCT_NAME = "$(TARGET_NAME)";
				TEST_HOST = "$(BUILT_PRODUCTS_DIR)/Amortized.app/Amortized";
			};
			name = Debug;
		};
		952A77FB1C3762F700B2A2B6 /* Release */ = {
			isa = XCBuildConfiguration;
			buildSettings = {
				BUNDLE_LOADER = "$(TEST_HOST)";
				INFOPLIST_FILE = AmortizedTests/Info.plist;
				IPHONEOS_DEPLOYMENT_TARGET = 18.6;
				LD_RUNPATH_SEARCH_PATHS = (
					"$(inherited)",
					"@executable_path/Frameworks",
					"@loader_path/Frameworks",
				);
				PRODUCT_BUNDLE_IDENTIFIER = com.groundspeedhq.AmortizedTests;
				PRODUCT_NAME = "$(TARGET_NAME)";
				TEST_HOST = "$(BUILT_PRODUCTS_DIR)/Amortized.app/Amortized";
			};
			name = Release;
		};
/* End XCBuildConfiguration section */

/* Begin XCConfigurationList section */
		952A77D41C3762F700B2A2B6 /* Build configuration list for PBXProject "Amortized" */ = {
			isa = XCConfigurationList;
			buildConfigurations = (
				952A77F41C3762F700B2A2B6 /* Debug */,
				952A77F51C3762F700B2A2B6 /* Release */,
			);
			defaultConfigurationIsVisible = 0;
			defaultConfigurationName = Release;
		};
		952A77F61C3762F700B2A2B6 /* Build configuration list for PBXNativeTarget "Amortized" */ = {
			isa = XCConfigurationList;
			buildConfigurations = (
				952A77F71C3762F700B2A2B6 /* Debug */,
				952A77F81C3762F700B2A2B6 /* Release */,
			);
			defaultConfigurationIsVisible = 0;
			defaultConfigurationName = Release;
		};
		952A77F91C3762F700B2A2B6 /* Build configuration list for PBXNativeTarget "AmortizedTests" */ = {
			isa = XCConfigurationList;
			buildConfigurations = (
				952A77FA1C3762F700B2A2B6 /* Debug */,
				952A77FB1C3762F700B2A2B6 /* Release */,
			);
			defaultConfigurationIsVisible = 0;
			defaultConfigurationName = Release;
		};
/* End XCConfigurationList section */
	};
	rootObject = 952A77D11C3762F700B2A2B6 /* Project object */;
}
