// !$*UTF8*$!
{
	archiveVersion = 1;
	classes = {
	};
	objectVersion = 46;
	objects = {

/* Begin PBXBuildFile section */
		952A77DD1C3762F700B2A2B6 /* AppDelegate.swift in Sources */ = {isa = PBXBuildFile; fileRef = 952A77DC1C3762F700B2A2B6 /* AppDelegate.swift */; };
		952A77E21C3762F700B2A2B6 /* Main.storyboard in Resources */ = {isa = PBXBuildFile; fileRef = 952A77E01C3762F700B2A2B6 /* Main.storyboard */; };
		952A77E41C3762F700B2A2B6 /* Assets.xcassets in Resources */ = {isa = PBXBuildFile; fileRef = 952A77E31C3762F700B2A2B6 /* Assets.xcassets */; };
		952A77E71C3762F700B2A2B6 /* LaunchScreen.storyboard in Resources */ = {isa = PBXBuildFile; fileRef = 952A77E51C3762F700B2A2B6 /* LaunchScreen.storyboard */; };
		952A77F21C3762F700B2A2B6 /* AmortizedTests.swift in Sources */ = {isa = PBXBuildFile; fileRef = 952A77F11C3762F700B2A2B6 /* AmortizedTests.swift */; };
		952A78031C37683000B2A2B6 /* PaymentViewController.swift in Sources */ = {isa = PBXBuildFile; fileRef = 952A78021C37683000B2A2B6 /* PaymentViewController.swift */; };
		952A78051C3785A100B2A2B6 /* RatesTableViewController.swift in Sources */ = {isa = PBXBuildFile; fileRef = 952A78041C3785A100B2A2B6 /* RatesTableViewController.swift */; };
		952A78091C37A5F100B2A2B6 /* Rates.swift in Sources */ = {isa = PBXBuildFile; fileRef = 952A78081C37A5F100B2A2B6 /* Rates.swift */; };
/* End PBXBuildFile section */

/* Begin PBXContainerItemProxy section */
		952A77EE1C3762F700B2A2B6 /* PBXContainerItemProxy */ = {
			isa = PBXContainerItemProxy;
			containerPortal = 952A77D11C3762F700B2A2B6 /* Project object */;
			proxyType = 1;
			remoteGlobalIDString = 952A77D81C3762F700B2A2B6;
			remoteInfo = Amortized;
		};
/* End PBXContainerItemProxy section */

/* Begin PBXFileReference section */
		952A77D91C3762F700B2A2B6 /* Amortized.app */ = {isa = PBXFileReference; explicitFileType = wrapper.application; includeInIndex = 0; path = Amortized.app; sourceTree = BUILT_PRODUCTS_DIR; };
		952A77DC1C3762F700B2A2B6 /* AppDelegate.swift */ = {isa = PBXFileReference; lastKnownFileType = sourcecode.swift; path = AppDelegate.swift; sourceTree = "<group>"; };
		952A77E11C3762F700B2A2B6 /* Base */ = {isa = PBXFileReference; lastKnownFileType = file.storyboard; name = Base; path = Base.lproj/Main.storyboard; sourceTree = "<group>"; };
		952A77E31C3762F700B2A2B6 /* Assets.xcassets */ = {isa = PBXFileReference; lastKnownFileType = folder.assetcatalog; path = Assets.xcassets; sourceTree = "<group>"; };
		952A77E61C3762F700B2A2B6 /* Base */ = {isa = PBXFileReference; lastKnownFileType = file.storyboard; name = Base; path = Base.lproj/LaunchScreen.storyboard; sourceTree = "<group>"; };
		952A77E81C3762F700B2A2B6 /* Info.plist */ = {isa = PBXFileReference; lastKnownFileType = text.plist.xml; path = Info.plist; sourceTree = "<group>"; };
		952A77ED1C3762F700B2A2B6 /* AmortizedTests.xctest */ = {isa = PBXFileReference; explicitFileType = wrapper.cfbundle; includeInIndex = 0; path = AmortizedTests.xctest; sourceTree = BUILT_PRODUCTS_DIR; };
		952A77F11C3762F700B2A2B6 /* AmortizedTests.swift */ = {isa = PBXFileReference; lastKnownFileType = sourcecode.swift; path = AmortizedTests.swift; sourceTree = "<group>"; };
		952A77F31C3762F700B2A2B6 /* Info.plist */ = {isa = PBXFileReference; lastKnownFileType = text.plist.xml; path = Info.plist; sourceTree = "<group>"; };
		952A78021C37683000B2A2B6 /* PaymentViewController.swift */ = {isa = PBXFileReference; fileEncoding = 4; lastKnownFileType = sourcecode.swift; path = PaymentViewController.swift; sourceTree = "<group>"; };
		952A78041C3785A100B2A2B6 /* RatesTableViewController.swift */ = {isa = PBXFileReference; fileEncoding = 4; lastKnownFileType = sourcecode.swift; path = RatesTableViewController.swift; sourceTree = "<group>"; };
		952A78081C37A5F100B2A2B6 /* Rates.swift */ = {isa = PBXFileReference; fileEncoding = 4; lastKnownFileType = sourcecode.swift; path = Rates.swift; sourceTree = "<group>"; };
/* End PBXFileReference section */

/* Begin PBXFrameworksBuildPhase section */
		952A77D61C3762F700B2A2B6 /* Frameworks */ = {
			isa = PBXFrameworksBuildPhase;
			buildActionMask = 2147483647;
			files = (
			);
			runOnlyForDeploymentPostprocessing = 0;
		};
		952A77EA1C3762F700B2A2B6 /* Frameworks */ = {
			isa = PBXFrameworksBuildPhase;
			buildActionMask = 2147483647;
			files = (
			);
			runOnlyForDeploymentPostprocessing = 0;
		};
/* End PBXFrameworksBuildPhase section */

/* Begin PBXGroup section */
		952A77D01C3762F700B2A2B6 = {
			isa = PBXGroup;
			children = (
				952A77DB1C3762F700B2A2B6 /* Amortized */,
				952A77F01C3762F700B2A2B6 /* AmortizedTests */,
				952A77DA1C3762F700B2A2B6 /* Products */,
			);
			sourceTree = "<group>";
		};
		952A77DA1C3762F700B2A2B6 /* Products */ = {
			isa = PBXGroup;
			children = (
				952A77D91C3762F700B2A2B6 /* Amortized.app */,
				952A77ED1C3762F700B2A2B6 /* AmortizedTests.xctest */,
			);
			name = Products;
			sourceTree = "<group>";
		};
		952A77DB1C3762F700B2A2B6 /* Amortized */ = {
			isa = PBXGroup;
			children = (
				952A77FE1C37643300B2A2B6 /* Models */,
				952A77FD1C37642800B2A2B6 /* Views */,
				952A77FC1C37642000B2A2B6 /* Controllers */,
				952A77FF1C37644800B2A2B6 /* Supporting Files */,
			);
			path = Amortized;
			sourceTree = "<group>";
		};
		952A77F01C3762F700B2A2B6 /* AmortizedTests */ = {
			isa = PBXGroup;
			children = (
				952A77F11C3762F700B2A2B6 /* AmortizedTests.swift */,
				952A77F31C3762F700B2A2B6 /* Info.plist */,
			);
			path = AmortizedTests;
			sourceTree = "<group>";
		};
		952A77FC1C37642000B2A2B6 /* Controllers */ = {
			isa = PBXGroup;
			children = (
				952A78021C37683000B2A2B6 /* PaymentViewController.swift */,
				952A78041C3785A100B2A2B6 /* RatesTableViewController.swift */,
			);
			name = Controllers;
			sourceTree = "<group>";
		};
		952A77FD1C37642800B2A2B6 /* Views */ = {
			isa = PBXGroup;
			children = (
				952A77E01C3762F700B2A2B6 /* Main.storyboard */,
			);
			name = Views;
			sourceTree = "<group>";
		};
		952A77FE1C37643300B2A2B6 /* Models */ = {
			isa = PBXGroup;
			children = (
				952A78081C37A5F100B2A2B6 /* Rates.swift */,
			);
			name = Models;
			sourceTree = "<group>";
		};
		952A77FF1C37644800B2A2B6 /* Supporting Files */ = {
			isa = PBXGroup;
			children = (
				952A77DC1C3762F700B2A2B6 /* AppDelegate.swift */,
				952A77E31C3762F700B2A2B6 /* Assets.xcassets */,
				952A77E51C3762F700B2A2B6 /* LaunchScreen.storyboard */,
				952A77E81C3762F700B2A2B6 /* Info.plist */,
			);
			name = "Supporting Files";
			sourceTree = "<group>";
		};
/* End PBXGroup section */

/* Begin PBXNativeTarget section */
		952A77D81C3762F700B2A2B6 /* Amortized */ = {
			isa = PBXNativeTarget;
			buildConfigurationList = 952A77F61C3762F700B2A2B6 /* Build configuration list for PBXNativeTarget "Amortized" */;
			buildPhases = (
				952A77D51C3762F700B2A2B6 /* Sources */,
				952A77D61C3762F700B2A2B6 /* Frameworks */,
				952A77D71C3762F700B2A2B6 /* Resources */,
			);
			buildRules = (
			);
			dependencies = (
			);
			name = Amortized;
			productName = Amortized;
			productReference = 952A77D91C3762F700B2A2B6 /* Amortized.app */;
			productType = "com.apple.product-type.application";
		};
		952A77EC1C3762F700B2A2B6 /* AmortizedTests */ = {
			isa = PBXNativeTarget;
			buildConfigurationList = 952A77F91C3762F700B2A2B6 /* Build configuration list for PBXNativeTarget "AmortizedTests" */;
			buildPhases = (
				952A77E91C3762F700B2A2B6 /* Sources */,
				952A77EA1C3762F700B2A2B6 /* Frameworks */,
				952A77EB1C3762F700B2A2B6 /* Resources */,
			);
			buildRules = (
			);
			dependencies = (
				952A77EF1C3762F700B2A2B6 /* PBXTargetDependency */,
			);
			name = AmortizedTests;
			productName = AmortizedTests;
			productReference = 952A77ED1C3762F700B2A2B6 /* AmortizedTests.xctest */;
			productType = "com.apple.product-type.bundle.unit-test";
		};
/* End PBXNativeTarget section */

/* Begin PBXProject section */
		952A77D11C3762F700B2A2B6 /* Project object */ = {
			isa = PBXProject;
			attributes = {
				LastSwiftUpdateCheck = 0720;
				LastUpgradeCheck = 0720;
				ORGANIZATIONNAME = GroundSpeed;
				TargetAttributes = {
					952A77D81C3762F700B2A2B6 = {
						CreatedOnToolsVersion = 7.2;
						DevelopmentTeam = 2NDR5C7SVU;
					};
					952A77EC1C3762F700B2A2B6 = {
						CreatedOnToolsVersion = 7.2;
						TestTargetID = 952A77D81C3762F700B2A2B6;
					};
				};
			};
			buildConfigurationList = 952A77D41C3762F700B2A2B6 /* Build configuration list for PBXProject "Amortized" */;
			compatibilityVersion = "Xcode 3.2";
			developmentRegion = English;
			hasScannedForEncodings = 0;
			knownRegions = (
				en,
				Base,
			);
			mainGroup = 952A77D01C3762F700B2A2B6;
			productRefGroup = 952A77DA1C3762F700B2A2B6 /* Products */;
			projectDirPath = "";
			projectRoot = "";
			targets = (
				952A77D81C3762F700B2A2B6 /* Amortized */,
				952A77EC1C3762F700B2A2B6 /* AmortizedTests */,
			);
		};
/* End PBXProject section */

/* Begin PBXResourcesBuildPhase section */
		952A77D71C3762F700B2A2B6 /* Resources */ = {
			isa = PBXResourcesBuildPhase;
			buildActionMask = 2147483647;
			files = (
				952A77E71C3762F700B2A2B6 /* LaunchScreen.storyboard in Resources */,
				952A77E41C3762F700B2A2B6 /* Assets.xcassets in Resources */,
				952A77E21C3762F700B2A2B6 /* Main.storyboard in Resources */,
			);
			runOnlyForDeploymentPostprocessing = 0;
		};
		952A77EB1C3762F700B2A2B6 /* Resources */ = {
			isa = PBXResourcesBuildPhase;
			buildActionMask = 2147483647;
			files = (
			);
			runOnlyForDeploymentPostprocessing = 0;
		};
/* End PBXResourcesBuildPhase section */

/* Begin PBXSourcesBuildPhase section */
		952A77D51C3762F700B2A2B6 /* Sources */ = {
			isa = PBXSourcesBuildPhase;
			buildActionMask = 2147483647;
			files = (
				952A77DD1C3762F700B2A2B6 /* AppDelegate.swift in Sources */,
				952A78091C37A5F100B2A2B6 /* Rates.swift in Sources */,
				952A78031C37683000B2A2B6 /* PaymentViewController.swift in Sources */,
				952A78051C3785A100B2A2B6 /* RatesTableViewController.swift in Sources */,
			);
			runOnlyForDeploymentPostprocessing = 0;
		};
		952A77E91C3762F700B2A2B6 /* Sources */ = {
			isa = PBXSourcesBuildPhase;
			buildActionMask = 2147483647;
			files = (
				952A77F21C3762F700B2A2B6 /* AmortizedTests.swift in Sources */,
			);
			runOnlyForDeploymentPostprocessing = 0;
		};
/* End PBXSourcesBuildPhase section */

/* Begin PBXTargetDependency section */
		952A77EF1C3762F700B2A2B6 /* PBXTargetDependency */ = {
			isa = PBXTargetDependency;
			target = 952A77D81C3762F700B2A2B6 /* Amortized */;
			targetProxy = 952A77EE1C3762F700B2A2B6 /* PBXContainerItemProxy */;
		};
/* End PBXTargetDependency section */

/* Begin PBXVariantGroup section */
		952A77E01C3762F700B2A2B6 /* Main.storyboard */ = {
			isa = PBXVariantGroup;
			children = (
				952A77E11C3762F700B2A2B6 /* Base */,
			);
			name = Main.storyboard;
			sourceTree = "<group>";
		};
		952A77E51C3762F700B2A2B6 /* LaunchScreen.storyboard */ = {
			isa = PBXVariantGroup;
			children = (
				952A77E61C3762F700B2A2B6 /* Base */,
			);
			name = LaunchScreen.storyboard;
			sourceTree = "<group>";
		};
/* End PBXVariantGroup section */

/* Begin XCBuildConfiguration section */
		952A77F41C3762F700B2A2B6 /* Debug */ = {
			isa = XCBuildConfiguration;
			buildSettings = {
				ALWAYS_SEARCH_USER_PATHS = NO;
				CLANG_CXX_LANGUAGE_STANDARD = "gnu++0x";
				CLANG_CXX_LIBRARY = "libc++";
				CLANG_ENABLE_MODULES = YES;
				CLANG_ENABLE_OBJC_ARC = YES;
				CLANG_WARN_BOOL_CONVERSION = YES;
				CLANG_WARN_CONSTANT_CONVERSION = YES;
				CLANG_WARN_DIRECT_OBJC_ISA_USAGE = YES_ERROR;
				CLANG_WARN_EMPTY_BODY = YES;
				CLANG_WARN_ENUM_CONVERSION = YES;
				CLANG_WARN_INT_CONVERSION = YES;
				CLANG_WARN_OBJC_ROOT_CLASS = YES_ERROR;
				CLANG_WARN_UNREACHABLE_CODE = YES;
				CLANG_WARN__DUPLICATE_METHOD_MATCH = YES;
				"CODE_SIGN_IDENTITY[sdk=iphoneos*]" = "iPhone Developer";
				COPY_PHASE_STRIP = NO;
				DEBUG_INFORMATION_FORMAT = dwarf;
				ENABLE_STRICT_OBJC_MSGSEND = YES;
				ENABLE_TESTABILITY = YES;
				GCC_C_LANGUAGE_STANDARD = gnu99;
				GCC_DYNAMIC_NO_PIC = NO;
				GCC_NO_COMMON_BLOCKS = YES;
				GCC_OPTIMIZATION_LEVEL = 0;
				GCC_PREPROCESSOR_DEFINITIONS = (
					"DEBUG=1",
					"$(inherited)",
				);
				GCC_WARN_64_TO_32_BIT_CONVERSION = YES;
				GCC_WARN_ABOUT_RETURN_TYPE = YES_ERROR;
				GCC_WARN_UNDECLARED_SELECTOR = YES;
				GCC_WARN_UNINITIALIZED_AUTOS = YES_AGGRESSIVE;
				GCC_WARN_UNUSED_FUNCTION = YES;
				GCC_WARN_UNUSED_VARIABLE = YES;
				IPHONEOS_DEPLOYMENT_TARGET = 9.2;
				MTL_ENABLE_DEBUG_INFO = YES;
				ONLY_ACTIVE_ARCH = YES;
				SDKROOT = iphoneos;
				SWIFT_OPTIMIZATION_LEVEL = "-Onone";
			};
			name = Debug;
		};
		952A77F51C3762F700B2A2B6 /* Release */ = {
			isa = XCBuildConfiguration;
			buildSettings = {
				ALWAYS_SEARCH_USER_PATHS = NO;
				CLANG_CXX_LANGUAGE_STANDARD = "gnu++0x";
				CLANG_CXX_LIBRARY = "libc++";
				CLANG_ENABLE_MODULES = YES;
				CLANG_ENABLE_OBJC_ARC = YES;
				CLANG_WARN_BOOL_CONVERSION = YES;
				CLANG_WARN_CONSTANT_CONVERSION = YES;
				CLANG_WARN_DIRECT_OBJC_ISA_USAGE = YES_ERROR;
				CLANG_WARN_EMPTY_BODY = YES;
				CLANG_WARN_ENUM_CONVERSION = YES;
				CLANG_WARN_INT_CONVERSION = YES;
				CLANG_WARN_OBJC_ROOT_CLASS = YES_ERROR;
				CLANG_WARN_UNREACHABLE_CODE = YES;
				CLANG_WARN__DUPLICATE_METHOD_MATCH = YES;
				"CODE_SIGN_IDENTITY[sdk=iphoneos*]" = "iPhone Developer";
				COPY_PHASE_STRIP = NO;
				DEBUG_INFORMATION_FORMAT = "dwarf-with-dsym";
				ENABLE_NS_ASSERTIONS = NO;
				ENABLE_STRICT_OBJC_MSGSEND = YES;
				GCC_C_LANGUAGE_STANDARD = gnu99;
				GCC_NO_COMMON_BLOCKS = YES;
				GCC_WARN_64_TO_32_BIT_CONVERSION = YES;
				GCC_WARN_ABOUT_RETURN_TYPE = YES_ERROR;
				GCC_WARN_UNDECLARED_SELECTOR = YES;
				GCC_WARN_UNINITIALIZED_AUTOS = YES_AGGRESSIVE;
				GCC_WARN_UNUSED_FUNCTION = YES;
				GCC_WARN_UNUSED_VARIABLE = YES;
				IPHONEOS_DEPLOYMENT_TARGET = 9.2;
				MTL_ENABLE_DEBUG_INFO = NO;
				SDKROOT = iphoneos;
				VALIDATE_PRODUCT = YES;
			};
			name = Release;
		};
		952A77F71C3762F700B2A2B6 /* Debug */ = {
			isa = XCBuildConfiguration;
			buildSettings = {
				ASSETCATALOG_COMPILER_APPICON_NAME = AppIcon;
				CODE_SIGN_IDENTITY = "iPhone Developer";
				INFOPLIST_FILE = Amortized/Info.plist;
				LD_RUNPATH_SEARCH_PATHS = "$(inherited) @executable_path/Frameworks";
				PRODUCT_BUNDLE_IDENTIFIER = "com.groundspeedhq.Pay-Calc";
				PRODUCT_NAME = "$(TARGET_NAME)";
			};
			name = Debug;
		};
		952A77F81C3762F700B2A2B6 /* Release */ = {
			isa = XCBuildConfiguration;
			buildSettings = {
				ASSETCATALOG_COMPILER_APPICON_NAME = AppIcon;
				CODE_SIGN_IDENTITY = "iPhone Developer";
				INFOPLIST_FILE = Amortized/Info.plist;
				LD_RUNPATH_SEARCH_PATHS = "$(inherited) @executable_path/Frameworks";
				PRODUCT_BUNDLE_IDENTIFIER = "com.groundspeedhq.Pay-Calc";
				PRODUCT_NAME = "$(TARGET_NAME)";
			};
			name = Release;
		};
		952A77FA1C3762F700B2A2B6 /* Debug */ = {
			isa = XCBuildConfiguration;
			buildSettings = {
				BUNDLE_LOADER = "$(TEST_HOST)";
				INFOPLIST_FILE = AmortizedTests/Info.plist;
				LD_RUNPATH_SEARCH_PATHS = "$(inherited) @executable_path/Frameworks @loader_path/Frameworks";
				PRODUCT_BUNDLE_IDENTIFIER = com.groundspeedhq.AmortizedTests;
				PRODUCT_NAME = "$(TARGET_NAME)";
				TEST_HOST = "$(BUILT_PRODUCTS_DIR)/Amortized.app/Amortized";
			};
			name = Debug;
		};
		952A77FB1C3762F700B2A2B6 /* Release */ = {
			isa = XCBuildConfiguration;
			buildSettings = {
				BUNDLE_LOADER = "$(TEST_HOST)";
				INFOPLIST_FILE = AmortizedTests/Info.plist;
				LD_RUNPATH_SEARCH_PATHS = "$(inherited) @executable_path/Frameworks @loader_path/Frameworks";
				PRODUCT_BUNDLE_IDENTIFIER = com.groundspeedhq.AmortizedTests;
				PRODUCT_NAME = "$(TARGET_NAME)";
				TEST_HOST = "$(BUILT_PRODUCTS_DIR)/Amortized.app/Amortized";
			};
			name = Release;
		};
/* End XCBuildConfiguration section */

/* Begin XCConfigurationList section */
		952A77D41C3762F700B2A2B6 /* Build configuration list for PBXProject "Amortized" */ = {
			isa = XCConfigurationList;
			buildConfigurations = (
				952A77F41C3762F700B2A2B6 /* Debug */,
				952A77F51C3762F700B2A2B6 /* Release */,
			);
			defaultConfigurationIsVisible = 0;
			defaultConfigurationName = Release;
		};
		952A77F61C3762F700B2A2B6 /* Build configuration list for PBXNativeTarget "Amortized" */ = {
			isa = XCConfigurationList;
			buildConfigurations = (
				952A77F71C3762F700B2A2B6 /* Debug */,
				952A77F81C3762F700B2A2B6 /* Release */,
			);
			defaultConfigurationIsVisible = 0;
		};
		952A77F91C3762F700B2A2B6 /* Build configuration list for PBXNativeTarget "AmortizedTests" */ = {
			isa = XCConfigurationList;
			buildConfigurations = (
				952A77FA1C3762F700B2A2B6 /* Debug */,
				952A77FB1C3762F700B2A2B6 /* Release */,
			);
			defaultConfigurationIsVisible = 0;
		};
/* End XCConfigurationList section */
	};
	rootObject = 952A77D11C3762F700B2A2B6 /* Project object */;
}
