// !$*UTF8*$!
{
	archiveVersion = 1;
	classes = {
	};
	objectVersion = 46;
	objects = {

/* Begin PBXBuildFile section */
		952272761746C57200601617 /* MainStoryboard.storyboard in Resources */ = {isa = PBXBuildFile; fileRef = 952272691746C57200601617 /* MainStoryboard.storyboard */; };
		952D0973176382240039F05E /* PAYSettingsViewController.m in Sources */ = {isa = PBXBuildFile; fileRef = 952D0972176382240039F05E /* PAYSettingsViewController.m */; };
		952D09791763B1D10039F05E /* PAYInputsTableViewController.m in Sources */ = {isa = PBXBuildFile; fileRef = 952D09781763B1D10039F05E /* PAYInputsTableViewController.m */; };
		952D097F1763EC680039F05E /* DollarSign.png in Resources */ = {isa = PBXBuildFile; fileRef = 952D097E1763EC680039F05E /* DollarSign.png */; };
		952D09811763EC780039F05E /* DollarSign@2x.png in Resources */ = {isa = PBXBuildFile; fileRef = 952D09801763EC780039F05E /* DollarSign@2x.png */; };
		952D09831765068F0039F05E /* GroundSpeed Logo.png in Resources */ = {isa = PBXBuildFile; fileRef = 952D09821765068F0039F05E /* GroundSpeed Logo.png */; };
		95497F1716BB637000952D2A /* UIKit.framework in Frameworks */ = {isa = PBXBuildFile; fileRef = 95497F1616BB637000952D2A /* UIKit.framework */; };
		95497F1916BB637000952D2A /* Foundation.framework in Frameworks */ = {isa = PBXBuildFile; fileRef = 95497F1816BB637000952D2A /* Foundation.framework */; };
		95497F1B16BB637000952D2A /* CoreGraphics.framework in Frameworks */ = {isa = PBXBuildFile; fileRef = 95497F1A16BB637000952D2A /* CoreGraphics.framework */; };
		95497F2116BB637000952D2A /* InfoPlist.strings in Resources */ = {isa = PBXBuildFile; fileRef = 95497F1F16BB637000952D2A /* InfoPlist.strings */; };
		95497F2316BB637000952D2A /* main.m in Sources */ = {isa = PBXBuildFile; fileRef = 95497F2216BB637000952D2A /* main.m */; };
		95497F2716BB637000952D2A /* PAYAppDelegate.m in Sources */ = {isa = PBXBuildFile; fileRef = 95497F2616BB637000952D2A /* PAYAppDelegate.m */; };
		95497F2916BB637000952D2A /* Default.png in Resources */ = {isa = PBXBuildFile; fileRef = 95497F2816BB637000952D2A /* Default.png */; };
		95497F2B16BB637000952D2A /* Default@2x.png in Resources */ = {isa = PBXBuildFile; fileRef = 95497F2A16BB637000952D2A /* Default@2x.png */; };
		95497F2D16BB637000952D2A /* Default-568h@2x.png in Resources */ = {isa = PBXBuildFile; fileRef = 95497F2C16BB637000952D2A /* Default-568h@2x.png */; };
		95497F3616BB637000952D2A /* PAYViewController.m in Sources */ = {isa = PBXBuildFile; fileRef = 95497F3516BB637000952D2A /* PAYViewController.m */; };
		95497F5916BB6FC200952D2A /* house.png in Resources */ = {isa = PBXBuildFile; fileRef = 95497F5816BB6FC200952D2A /* house.png */; };
		95497F5D16BB725200952D2A /* other.png in Resources */ = {isa = PBXBuildFile; fileRef = 95497F5C16BB725200952D2A /* other.png */; };
		95497F6116BB786800952D2A /* refresh.png in Resources */ = {isa = PBXBuildFile; fileRef = 95497F6016BB786800952D2A /* refresh.png */; };
		95497F6316BB789C00952D2A /* old-calculate.png in Resources */ = {isa = PBXBuildFile; fileRef = 95497F6216BB789C00952D2A /* old-calculate.png */; };
		95497F6A16BC149B00952D2A /* settings.png in Resources */ = {isa = PBXBuildFile; fileRef = 95497F6816BC149B00952D2A /* settings.png */; };
		95497F6B16BC149B00952D2A /* settings@2x.png in Resources */ = {isa = PBXBuildFile; fileRef = 95497F6916BC149B00952D2A /* settings@2x.png */; };
		957CB3E8177A903600D468FB /* PAYDaysSinceDateViewController.m in Sources */ = {isa = PBXBuildFile; fileRef = 957CB3E7177A903600D468FB /* PAYDaysSinceDateViewController.m */; };
		9584D6481748901000081312 /* PayCalc.png in Resources */ = {isa = PBXBuildFile; fileRef = 9584D6461748901000081312 /* PayCalc.png */; };
		9584D6491748901000081312 /* PayCalc@2x.png in Resources */ = {isa = PBXBuildFile; fileRef = 9584D6471748901000081312 /* PayCalc@2x.png */; };
		9584D650174897A300081312 /* InterestRates.m in Sources */ = {isa = PBXBuildFile; fileRef = 9584D64F174897A300081312 /* InterestRates.m */; };
		958533E1174B2ABD00BABFF5 /* PAYRateTableViewController.m in Sources */ = {isa = PBXBuildFile; fileRef = 958533E0174B2ABD00BABFF5 /* PAYRateTableViewController.m */; };
		958B2E4F1831E50500051DD1 /* Payment.png in Resources */ = {isa = PBXBuildFile; fileRef = 958B2E4E1831E50500051DD1 /* Payment.png */; };
		958B2E521831E59C00051DD1 /* CalculatePayment.png in Resources */ = {isa = PBXBuildFile; fileRef = 958B2E501831E59C00051DD1 /* CalculatePayment.png */; };
		958B2E531831E59C00051DD1 /* Rates.png in Resources */ = {isa = PBXBuildFile; fileRef = 958B2E511831E59C00051DD1 /* Rates.png */; };
		958B2E561831E6B700051DD1 /* BlankCalendar.png in Resources */ = {isa = PBXBuildFile; fileRef = 958B2E551831E6B700051DD1 /* BlankCalendar.png */; };
		958B2E5A1831E7EC00051DD1 /* Percent.png in Resources */ = {isa = PBXBuildFile; fileRef = 958B2E591831E7EC00051DD1 /* Percent.png */; };
		958B2E991834859100051DD1 /* PayCalc58.png in Resources */ = {isa = PBXBuildFile; fileRef = 958B2E961834859100051DD1 /* PayCalc58.png */; };
		958B2E9A1834859100051DD1 /* PayCalc80.png in Resources */ = {isa = PBXBuildFile; fileRef = 958B2E971834859100051DD1 /* PayCalc80.png */; };
		958B2E9B1834859100051DD1 /* PayCalc120.png in Resources */ = {isa = PBXBuildFile; fileRef = 958B2E981834859100051DD1 /* PayCalc120.png */; };
		958B2E9E183485D000051DD1 /* Images.xcassets in Resources */ = {isa = PBXBuildFile; fileRef = 958B2E9D183485D000051DD1 /* Images.xcassets */; };
		95C8D44216E288E3003CDF73 /* arrow.png in Resources */ = {isa = PBXBuildFile; fileRef = 95C8D44116E288E3003CDF73 /* arrow.png */; };
/* End PBXBuildFile section */

/* Begin PBXFileReference section */
		952272691746C57200601617 /* MainStoryboard.storyboard */ = {isa = PBXFileReference; fileEncoding = 4; lastKnownFileType = file.storyboard; path = MainStoryboard.storyboard; sourceTree = "<group>"; };
		952D0971176382240039F05E /* PAYSettingsViewController.h */ = {isa = PBXFileReference; fileEncoding = 4; lastKnownFileType = sourcecode.c.h; path = PAYSettingsViewController.h; sourceTree = "<group>"; };
		952D0972176382240039F05E /* PAYSettingsViewController.m */ = {isa = PBXFileReference; fileEncoding = 4; lastKnownFileType = sourcecode.c.objc; path = PAYSettingsViewController.m; sourceTree = "<group>"; };
		952D09771763B1D00039F05E /* PAYInputsTableViewController.h */ = {isa = PBXFileReference; fileEncoding = 4; lastKnownFileType = sourcecode.c.h; path = PAYInputsTableViewController.h; sourceTree = "<group>"; };
		952D09781763B1D10039F05E /* PAYInputsTableViewController.m */ = {isa = PBXFileReference; fileEncoding = 4; lastKnownFileType = sourcecode.c.objc; path = PAYInputsTableViewController.m; sourceTree = "<group>"; };
		952D097E1763EC680039F05E /* DollarSign.png */ = {isa = PBXFileReference; lastKnownFileType = image.png; name = DollarSign.png; path = ../DollarSign.png; sourceTree = "<group>"; };
		952D09801763EC780039F05E /* DollarSign@2x.png */ = {isa = PBXFileReference; lastKnownFileType = image.png; name = "DollarSign@2x.png"; path = "../DollarSign@2x.png"; sourceTree = "<group>"; };
		952D09821765068F0039F05E /* GroundSpeed Logo.png */ = {isa = PBXFileReference; lastKnownFileType = image.png; path = "GroundSpeed Logo.png"; sourceTree = "<group>"; };
		95497F1216BB637000952D2A /* Pay Calc.app */ = {isa = PBXFileReference; explicitFileType = wrapper.application; includeInIndex = 0; path = "Pay Calc.app"; sourceTree = BUILT_PRODUCTS_DIR; };
		95497F1616BB637000952D2A /* UIKit.framework */ = {isa = PBXFileReference; lastKnownFileType = wrapper.framework; name = UIKit.framework; path = System/Library/Frameworks/UIKit.framework; sourceTree = SDKROOT; };
		95497F1816BB637000952D2A /* Foundation.framework */ = {isa = PBXFileReference; lastKnownFileType = wrapper.framework; name = Foundation.framework; path = System/Library/Frameworks/Foundation.framework; sourceTree = SDKROOT; };
		95497F1A16BB637000952D2A /* CoreGraphics.framework */ = {isa = PBXFileReference; lastKnownFileType = wrapper.framework; name = CoreGraphics.framework; path = System/Library/Frameworks/CoreGraphics.framework; sourceTree = SDKROOT; };
		95497F1E16BB637000952D2A /* Pay Calc-Info.plist */ = {isa = PBXFileReference; lastKnownFileType = text.plist.xml; path = "Pay Calc-Info.plist"; sourceTree = "<group>"; };
		95497F2016BB637000952D2A /* en */ = {isa = PBXFileReference; lastKnownFileType = text.plist.strings; name = en; path = en.lproj/InfoPlist.strings; sourceTree = "<group>"; };
		95497F2216BB637000952D2A /* main.m */ = {isa = PBXFileReference; lastKnownFileType = sourcecode.c.objc; path = main.m; sourceTree = "<group>"; };
		95497F2416BB637000952D2A /* Pay Calc-Prefix.pch */ = {isa = PBXFileReference; lastKnownFileType = sourcecode.c.h; path = "Pay Calc-Prefix.pch"; sourceTree = "<group>"; };
		95497F2516BB637000952D2A /* PAYAppDelegate.h */ = {isa = PBXFileReference; lastKnownFileType = sourcecode.c.h; path = PAYAppDelegate.h; sourceTree = "<group>"; };
		95497F2616BB637000952D2A /* PAYAppDelegate.m */ = {isa = PBXFileReference; lastKnownFileType = sourcecode.c.objc; path = PAYAppDelegate.m; sourceTree = "<group>"; };
		95497F2816BB637000952D2A /* Default.png */ = {isa = PBXFileReference; lastKnownFileType = image.png; path = Default.png; sourceTree = "<group>"; };
		95497F2A16BB637000952D2A /* Default@2x.png */ = {isa = PBXFileReference; lastKnownFileType = image.png; path = "Default@2x.png"; sourceTree = "<group>"; };
		95497F2C16BB637000952D2A /* Default-568h@2x.png */ = {isa = PBXFileReference; lastKnownFileType = image.png; path = "Default-568h@2x.png"; sourceTree = "<group>"; };
		95497F3416BB637000952D2A /* PAYViewController.h */ = {isa = PBXFileReference; lastKnownFileType = sourcecode.c.h; path = PAYViewController.h; sourceTree = "<group>"; };
		95497F3516BB637000952D2A /* PAYViewController.m */ = {isa = PBXFileReference; lastKnownFileType = sourcecode.c.objc; path = PAYViewController.m; sourceTree = "<group>"; };
		95497F3D16BB637000952D2A /* SenTestingKit.framework */ = {isa = PBXFileReference; lastKnownFileType = wrapper.framework; name = SenTestingKit.framework; path = Library/Frameworks/SenTestingKit.framework; sourceTree = DEVELOPER_DIR; };
		95497F5816BB6FC200952D2A /* house.png */ = {isa = PBXFileReference; lastKnownFileType = image.png; path = house.png; sourceTree = "<group>"; };
		95497F5C16BB725200952D2A /* other.png */ = {isa = PBXFileReference; lastKnownFileType = image.png; path = other.png; sourceTree = "<group>"; };
		95497F6016BB786800952D2A /* refresh.png */ = {isa = PBXFileReference; lastKnownFileType = image.png; path = refresh.png; sourceTree = "<group>"; };
		95497F6216BB789C00952D2A /* old-calculate.png */ = {isa = PBXFileReference; lastKnownFileType = image.png; path = "old-calculate.png"; sourceTree = "<group>"; };
		95497F6816BC149B00952D2A /* settings.png */ = {isa = PBXFileReference; lastKnownFileType = image.png; path = settings.png; sourceTree = "<group>"; };
		95497F6916BC149B00952D2A /* settings@2x.png */ = {isa = PBXFileReference; lastKnownFileType = image.png; path = "settings@2x.png"; sourceTree = "<group>"; };
		957CB3E6177A903600D468FB /* PAYDaysSinceDateViewController.h */ = {isa = PBXFileReference; fileEncoding = 4; lastKnownFileType = sourcecode.c.h; path = PAYDaysSinceDateViewController.h; sourceTree = "<group>"; };
		957CB3E7177A903600D468FB /* PAYDaysSinceDateViewController.m */ = {isa = PBXFileReference; fileEncoding = 4; lastKnownFileType = sourcecode.c.objc; path = PAYDaysSinceDateViewController.m; sourceTree = "<group>"; };
		9584D6461748901000081312 /* PayCalc.png */ = {isa = PBXFileReference; lastKnownFileType = image.png; path = PayCalc.png; sourceTree = "<group>"; };
		9584D6471748901000081312 /* PayCalc@2x.png */ = {isa = PBXFileReference; lastKnownFileType = image.png; path = "PayCalc@2x.png"; sourceTree = "<group>"; };
		9584D64E174897A300081312 /* InterestRates.h */ = {isa = PBXFileReference; fileEncoding = 4; lastKnownFileType = sourcecode.c.h; path = InterestRates.h; sourceTree = "<group>"; };
		9584D64F174897A300081312 /* InterestRates.m */ = {isa = PBXFileReference; fileEncoding = 4; lastKnownFileType = sourcecode.c.objc; path = InterestRates.m; sourceTree = "<group>"; };
		958533DF174B2ABD00BABFF5 /* PAYRateTableViewController.h */ = {isa = PBXFileReference; fileEncoding = 4; lastKnownFileType = sourcecode.c.h; path = PAYRateTableViewController.h; sourceTree = "<group>"; };
		958533E0174B2ABD00BABFF5 /* PAYRateTableViewController.m */ = {isa = PBXFileReference; fileEncoding = 4; lastKnownFileType = sourcecode.c.objc; path = PAYRateTableViewController.m; sourceTree = "<group>"; };
		958B2E4E1831E50500051DD1 /* Payment.png */ = {isa = PBXFileReference; lastKnownFileType = image.png; path = Payment.png; sourceTree = "<group>"; };
		958B2E501831E59C00051DD1 /* CalculatePayment.png */ = {isa = PBXFileReference; lastKnownFileType = image.png; path = CalculatePayment.png; sourceTree = "<group>"; };
		958B2E511831E59C00051DD1 /* Rates.png */ = {isa = PBXFileReference; lastKnownFileType = image.png; path = Rates.png; sourceTree = "<group>"; };
		958B2E551831E6B700051DD1 /* BlankCalendar.png */ = {isa = PBXFileReference; lastKnownFileType = image.png; path = BlankCalendar.png; sourceTree = "<group>"; };
		958B2E591831E7EC00051DD1 /* Percent.png */ = {isa = PBXFileReference; lastKnownFileType = image.png; path = Percent.png; sourceTree = "<group>"; };
		958B2E961834859100051DD1 /* PayCalc58.png */ = {isa = PBXFileReference; lastKnownFileType = image.png; path = PayCalc58.png; sourceTree = "<group>"; };
		958B2E971834859100051DD1 /* PayCalc80.png */ = {isa = PBXFileReference; lastKnownFileType = image.png; path = PayCalc80.png; sourceTree = "<group>"; };
		958B2E981834859100051DD1 /* PayCalc120.png */ = {isa = PBXFileReference; lastKnownFileType = image.png; path = PayCalc120.png; sourceTree = "<group>"; };
		958B2E9D183485D000051DD1 /* Images.xcassets */ = {isa = PBXFileReference; lastKnownFileType = folder.assetcatalog; name = Images.xcassets; path = "Pay Calc/Images.xcassets"; sourceTree = "<group>"; };
		95C8D44116E288E3003CDF73 /* arrow.png */ = {isa = PBXFileReference; lastKnownFileType = image.png; path = arrow.png; sourceTree = "<group>"; };
/* End PBXFileReference section */

/* Begin PBXFrameworksBuildPhase section */
		95497F0F16BB637000952D2A /* Frameworks */ = {
			isa = PBXFrameworksBuildPhase;
			buildActionMask = 2147483647;
			files = (
				95497F1716BB637000952D2A /* UIKit.framework in Frameworks */,
				95497F1916BB637000952D2A /* Foundation.framework in Frameworks */,
				95497F1B16BB637000952D2A /* CoreGraphics.framework in Frameworks */,
			);
			runOnlyForDeploymentPostprocessing = 0;
		};
/* End PBXFrameworksBuildPhase section */

/* Begin PBXGroup section */
		95497F0716BB637000952D2A = {
			isa = PBXGroup;
			children = (
				958B2E9D183485D000051DD1 /* Images.xcassets */,
				95497F1C16BB637000952D2A /* PayCalc */,
				95497F1516BB637000952D2A /* Frameworks */,
				95497F1316BB637000952D2A /* Products */,
			);
			sourceTree = "<group>";
		};
		95497F1316BB637000952D2A /* Products */ = {
			isa = PBXGroup;
			children = (
				95497F1216BB637000952D2A /* Pay Calc.app */,
			);
			name = Products;
			sourceTree = "<group>";
		};
		95497F1516BB637000952D2A /* Frameworks */ = {
			isa = PBXGroup;
			children = (
				95497F1616BB637000952D2A /* UIKit.framework */,
				95497F1816BB637000952D2A /* Foundation.framework */,
				95497F1A16BB637000952D2A /* CoreGraphics.framework */,
				95497F3D16BB637000952D2A /* SenTestingKit.framework */,
			);
			name = Frameworks;
			sourceTree = "<group>";
		};
		95497F1C16BB637000952D2A /* PayCalc */ = {
			isa = PBXGroup;
			children = (
				95497F5516BB654200952D2A /* Classes */,
				95497F5416BB653C00952D2A /* Views */,
				95497F5616BB656300952D2A /* Controllers */,
				95497F5716BB656A00952D2A /* Images */,
				95497F1D16BB637000952D2A /* Supporting Files */,
			);
			name = PayCalc;
			path = "EZ Payment Calculator";
			sourceTree = "<group>";
		};
		95497F1D16BB637000952D2A /* Supporting Files */ = {
			isa = PBXGroup;
			children = (
				95497F2516BB637000952D2A /* PAYAppDelegate.h */,
				95497F2616BB637000952D2A /* PAYAppDelegate.m */,
				95497F1E16BB637000952D2A /* Pay Calc-Info.plist */,
				95497F1F16BB637000952D2A /* InfoPlist.strings */,
				95497F2216BB637000952D2A /* main.m */,
				95497F2416BB637000952D2A /* Pay Calc-Prefix.pch */,
				95497F2816BB637000952D2A /* Default.png */,
				95497F2A16BB637000952D2A /* Default@2x.png */,
				95497F2C16BB637000952D2A /* Default-568h@2x.png */,
			);
			name = "Supporting Files";
			sourceTree = "<group>";
		};
		95497F5416BB653C00952D2A /* Views */ = {
			isa = PBXGroup;
			children = (
				952272691746C57200601617 /* MainStoryboard.storyboard */,
			);
			name = Views;
			sourceTree = "<group>";
		};
		95497F5516BB654200952D2A /* Classes */ = {
			isa = PBXGroup;
			children = (
				9584D64E174897A300081312 /* InterestRates.h */,
				9584D64F174897A300081312 /* InterestRates.m */,
			);
			name = Classes;
			sourceTree = "<group>";
		};
		95497F5616BB656300952D2A /* Controllers */ = {
			isa = PBXGroup;
			children = (
				95497F3416BB637000952D2A /* PAYViewController.h */,
				95497F3516BB637000952D2A /* PAYViewController.m */,
				952D09771763B1D00039F05E /* PAYInputsTableViewController.h */,
				952D09781763B1D10039F05E /* PAYInputsTableViewController.m */,
				958533DF174B2ABD00BABFF5 /* PAYRateTableViewController.h */,
				958533E0174B2ABD00BABFF5 /* PAYRateTableViewController.m */,
				952D0971176382240039F05E /* PAYSettingsViewController.h */,
				952D0972176382240039F05E /* PAYSettingsViewController.m */,
				957CB3E6177A903600D468FB /* PAYDaysSinceDateViewController.h */,
				957CB3E7177A903600D468FB /* PAYDaysSinceDateViewController.m */,
			);
			name = Controllers;
			sourceTree = "<group>";
		};
		95497F5716BB656A00952D2A /* Images */ = {
			isa = PBXGroup;
			children = (
				958B2E9C1834859800051DD1 /* Icons */,
				958B2E541831E5FC00051DD1 /* Tabs */,
				958B2E4E1831E50500051DD1 /* Payment.png */,
				952D09821765068F0039F05E /* GroundSpeed Logo.png */,
				952D097E1763EC680039F05E /* DollarSign.png */,
				952D09801763EC780039F05E /* DollarSign@2x.png */,
				9584D6461748901000081312 /* PayCalc.png */,
				9584D6471748901000081312 /* PayCalc@2x.png */,
				95C8D44116E288E3003CDF73 /* arrow.png */,
				95497F6816BC149B00952D2A /* settings.png */,
				95497F6916BC149B00952D2A /* settings@2x.png */,
				95497F6016BB786800952D2A /* refresh.png */,
				95497F6216BB789C00952D2A /* old-calculate.png */,
				95497F5C16BB725200952D2A /* other.png */,
				95497F5816BB6FC200952D2A /* house.png */,
			);
			name = Images;
			sourceTree = "<group>";
		};
		958B2E541831E5FC00051DD1 /* Tabs */ = {
			isa = PBXGroup;
			children = (
				958B2E591831E7EC00051DD1 /* Percent.png */,
				958B2E551831E6B700051DD1 /* BlankCalendar.png */,
				958B2E511831E59C00051DD1 /* Rates.png */,
				958B2E501831E59C00051DD1 /* CalculatePayment.png */,
			);
			name = Tabs;
			sourceTree = "<group>";
		};
		958B2E9C1834859800051DD1 /* Icons */ = {
			isa = PBXGroup;
			children = (
				958B2E961834859100051DD1 /* PayCalc58.png */,
				958B2E971834859100051DD1 /* PayCalc80.png */,
				958B2E981834859100051DD1 /* PayCalc120.png */,
			);
			name = Icons;
			sourceTree = "<group>";
		};
/* End PBXGroup section */

/* Begin PBXNativeTarget section */
		95497F1116BB637000952D2A /* Pay Calc */ = {
			isa = PBXNativeTarget;
			buildConfigurationList = 95497F4E16BB637000952D2A /* Build configuration list for PBXNativeTarget "Pay Calc" */;
			buildPhases = (
				95497F0E16BB637000952D2A /* Sources */,
				95497F0F16BB637000952D2A /* Frameworks */,
				95497F1016BB637000952D2A /* Resources */,
			);
			buildRules = (
			);
			dependencies = (
			);
			name = "Pay Calc";
			productName = "EZ Payment Calculator";
			productReference = 95497F1216BB637000952D2A /* Pay Calc.app */;
			productType = "com.apple.product-type.application";
		};
/* End PBXNativeTarget section */

/* Begin PBXProject section */
		95497F0916BB637000952D2A /* Project object */ = {
			isa = PBXProject;
			attributes = {
				CLASSPREFIX = PAY;
				LastUpgradeCheck = 0450;
				ORGANIZATIONNAME = GroundSpeed;
			};
			buildConfigurationList = 95497F0C16BB637000952D2A /* Build configuration list for PBXProject "Pay Calc" */;
			compatibilityVersion = "Xcode 3.2";
			developmentRegion = English;
			hasScannedForEncodings = 0;
			knownRegions = (
				en,
			);
			mainGroup = 95497F0716BB637000952D2A;
			productRefGroup = 95497F1316BB637000952D2A /* Products */;
			projectDirPath = "";
			projectRoot = "";
			targets = (
				95497F1116BB637000952D2A /* Pay Calc */,
			);
		};
/* End PBXProject section */

/* Begin PBXResourcesBuildPhase section */
		95497F1016BB637000952D2A /* Resources */ = {
			isa = PBXResourcesBuildPhase;
			buildActionMask = 2147483647;
			files = (
				95497F2116BB637000952D2A /* InfoPlist.strings in Resources */,
				95497F2916BB637000952D2A /* Default.png in Resources */,
				958B2E991834859100051DD1 /* PayCalc58.png in Resources */,
				958B2E9E183485D000051DD1 /* Images.xcassets in Resources */,
				95497F2B16BB637000952D2A /* Default@2x.png in Resources */,
				95497F2D16BB637000952D2A /* Default-568h@2x.png in Resources */,
				958B2E9A1834859100051DD1 /* PayCalc80.png in Resources */,
				95497F5916BB6FC200952D2A /* house.png in Resources */,
				958B2E531831E59C00051DD1 /* Rates.png in Resources */,
				95497F5D16BB725200952D2A /* other.png in Resources */,
				95497F6116BB786800952D2A /* refresh.png in Resources */,
				95497F6316BB789C00952D2A /* old-calculate.png in Resources */,
				95497F6A16BC149B00952D2A /* settings.png in Resources */,
				95497F6B16BC149B00952D2A /* settings@2x.png in Resources */,
				95C8D44216E288E3003CDF73 /* arrow.png in Resources */,
				958B2E4F1831E50500051DD1 /* Payment.png in Resources */,
				958B2E9B1834859100051DD1 /* PayCalc120.png in Resources */,
				952272761746C57200601617 /* MainStoryboard.storyboard in Resources */,
				9584D6481748901000081312 /* PayCalc.png in Resources */,
				9584D6491748901000081312 /* PayCalc@2x.png in Resources */,
				958B2E521831E59C00051DD1 /* CalculatePayment.png in Resources */,
				952D097F1763EC680039F05E /* DollarSign.png in Resources */,
				958B2E561831E6B700051DD1 /* BlankCalendar.png in Resources */,
				952D09811763EC780039F05E /* DollarSign@2x.png in Resources */,
				952D09831765068F0039F05E /* GroundSpeed Logo.png in Resources */,
				958B2E5A1831E7EC00051DD1 /* Percent.png in Resources */,
			);
			runOnlyForDeploymentPostprocessing = 0;
		};
/* End PBXResourcesBuildPhase section */

/* Begin PBXSourcesBuildPhase section */
		95497F0E16BB637000952D2A /* Sources */ = {
			isa = PBXSourcesBuildPhase;
			buildActionMask = 2147483647;
			files = (
				95497F2316BB637000952D2A /* main.m in Sources */,
				95497F2716BB637000952D2A /* PAYAppDelegate.m in Sources */,
				95497F3616BB637000952D2A /* PAYViewController.m in Sources */,
				9584D650174897A300081312 /* InterestRates.m in Sources */,
				958533E1174B2ABD00BABFF5 /* PAYRateTableViewController.m in Sources */,
				952D0973176382240039F05E /* PAYSettingsViewController.m in Sources */,
				952D09791763B1D10039F05E /* PAYInputsTableViewController.m in Sources */,
				957CB3E8177A903600D468FB /* PAYDaysSinceDateViewController.m in Sources */,
			);
			runOnlyForDeploymentPostprocessing = 0;
		};
/* End PBXSourcesBuildPhase section */

/* Begin PBXVariantGroup section */
		95497F1F16BB637000952D2A /* InfoPlist.strings */ = {
			isa = PBXVariantGroup;
			children = (
				95497F2016BB637000952D2A /* en */,
			);
			name = InfoPlist.strings;
			sourceTree = "<group>";
		};
/* End PBXVariantGroup section */

/* Begin XCBuildConfiguration section */
		95497F4C16BB637000952D2A /* Debug */ = {
			isa = XCBuildConfiguration;
			buildSettings = {
				ALWAYS_SEARCH_USER_PATHS = NO;
				CLANG_CXX_LANGUAGE_STANDARD = "gnu++0x";
				CLANG_CXX_LIBRARY = "libc++";
				CLANG_ENABLE_OBJC_ARC = YES;
				CLANG_WARN_EMPTY_BODY = YES;
				CLANG_WARN__DUPLICATE_METHOD_MATCH = YES;
				"CODE_SIGN_IDENTITY[sdk=iphoneos*]" = "iPhone Developer";
				COPY_PHASE_STRIP = NO;
				GCC_C_LANGUAGE_STANDARD = gnu99;
				GCC_DYNAMIC_NO_PIC = NO;
				GCC_OPTIMIZATION_LEVEL = 0;
				GCC_PREPROCESSOR_DEFINITIONS = (
					"DEBUG=1",
					"$(inherited)",
				);
				GCC_SYMBOLS_PRIVATE_EXTERN = NO;
				GCC_WARN_ABOUT_RETURN_TYPE = YES;
				GCC_WARN_UNINITIALIZED_AUTOS = YES;
				GCC_WARN_UNUSED_VARIABLE = YES;
				IPHONEOS_DEPLOYMENT_TARGET = 7.0;
				ONLY_ACTIVE_ARCH = YES;
				SDKROOT = iphoneos;
				TARGETED_DEVICE_FAMILY = "1,2";
			};
			name = Debug;
		};
		95497F4D16BB637000952D2A /* Release */ = {
			isa = XCBuildConfiguration;
			buildSettings = {
				ALWAYS_SEARCH_USER_PATHS = NO;
				CLANG_CXX_LANGUAGE_STANDARD = "gnu++0x";
				CLANG_CXX_LIBRARY = "libc++";
				CLANG_ENABLE_OBJC_ARC = YES;
				CLANG_WARN_EMPTY_BODY = YES;
				CLANG_WARN__DUPLICATE_METHOD_MATCH = YES;
				"CODE_SIGN_IDENTITY[sdk=iphoneos*]" = "iPhone Developer";
				COPY_PHASE_STRIP = YES;
				GCC_C_LANGUAGE_STANDARD = gnu99;
				GCC_WARN_ABOUT_RETURN_TYPE = YES;
				GCC_WARN_UNINITIALIZED_AUTOS = YES;
				GCC_WARN_UNUSED_VARIABLE = YES;
				IPHONEOS_DEPLOYMENT_TARGET = 7.0;
				OTHER_CFLAGS = "-DNS_BLOCK_ASSERTIONS=1";
				SDKROOT = iphoneos;
				TARGETED_DEVICE_FAMILY = "1,2";
				VALIDATE_PRODUCT = YES;
			};
			name = Release;
		};
		95497F4F16BB637000952D2A /* Debug */ = {
			isa = XCBuildConfiguration;
			buildSettings = {
				ASSETCATALOG_COMPILER_APPICON_NAME = AppIcon;
				ASSETCATALOG_COMPILER_LAUNCHIMAGE_NAME = LaunchImage;
				GCC_PRECOMPILE_PREFIX_HEADER = YES;
				GCC_PREFIX_HEADER = "EZ Payment Calculator/Pay Calc-Prefix.pch";
				INFOPLIST_FILE = "EZ Payment Calculator/Pay Calc-Info.plist";
				PRODUCT_NAME = "Pay Calc";
				TARGETED_DEVICE_FAMILY = 1;
				WRAPPER_EXTENSION = app;
			};
			name = Debug;
		};
		95497F5016BB637000952D2A /* Release */ = {
			isa = XCBuildConfiguration;
			buildSettings = {
				ASSETCATALOG_COMPILER_APPICON_NAME = AppIcon;
				ASSETCATALOG_COMPILER_LAUNCHIMAGE_NAME = LaunchImage;
				GCC_PRECOMPILE_PREFIX_HEADER = YES;
				GCC_PREFIX_HEADER = "EZ Payment Calculator/Pay Calc-Prefix.pch";
				INFOPLIST_FILE = "EZ Payment Calculator/Pay Calc-Info.plist";
				PRODUCT_NAME = "Pay Calc";
				TARGETED_DEVICE_FAMILY = 1;
				WRAPPER_EXTENSION = app;
			};
			name = Release;
		};
/* End XCBuildConfiguration section */

/* Begin XCConfigurationList section */
		95497F0C16BB637000952D2A /* Build configuration list for PBXProject "Pay Calc" */ = {
			isa = XCConfigurationList;
			buildConfigurations = (
				95497F4C16BB637000952D2A /* Debug */,
				95497F4D16BB637000952D2A /* Release */,
			);
			defaultConfigurationIsVisible = 0;
			defaultConfigurationName = Release;
		};
		95497F4E16BB637000952D2A /* Build configuration list for PBXNativeTarget "Pay Calc" */ = {
			isa = XCConfigurationList;
			buildConfigurations = (
				95497F4F16BB637000952D2A /* Debug */,
				95497F5016BB637000952D2A /* Release */,
			);
			defaultConfigurationIsVisible = 0;
			defaultConfigurationName = Release;
		};
/* End XCConfigurationList section */
	};
	rootObject = 95497F0916BB637000952D2A /* Project object */;
}
